// !$*UTF8*$!
{
	archiveVersion = 1;
	classes = {
	};
	objectVersion = 70;
	objects = {

/* Begin PBXBuildFile section */
		4E11B2A62DBE0DF800555BB8 /* BinarySubtreeRepresentation.swift in Sources */ = {isa = PBXBuildFile; fileRef = 4E11B2A52DBE0DF800555BB8 /* BinarySubtreeRepresentation.swift */; };
		4E11B2A82DC0C25D00555BB8 /* CallReturnForest.swift in Sources */ = {isa = PBXBuildFile; fileRef = 4E11B2A72DC0C25D00555BB8 /* CallReturnForest.swift */; };
		4E11B2AA2DC10F0600555BB8 /* Descriptor.swift in Sources */ = {isa = PBXBuildFile; fileRef = 4E11B2A92DC10F0600555BB8 /* Descriptor.swift */; };
		4E11B2AC2DC121A300555BB8 /* ClusteredNonterminalParser.swift in Sources */ = {isa = PBXBuildFile; fileRef = 4E11B2AB2DC121A300555BB8 /* ClusteredNonterminalParser.swift */; };
		4E11B2AF2DC38D8E00555BB8 /* OrderedCollections in Frameworks */ = {isa = PBXBuildFile; productRef = 4E11B2AE2DC38D8E00555BB8 /* OrderedCollections */; };
		4E333D712629D60000640821 /* main.swift in Sources */ = {isa = PBXBuildFile; fileRef = 4E333D632629D5E400640821 /* main.swift */; };
		4E333D752629D60A00640821 /* StringExtensions.swift in Sources */ = {isa = PBXBuildFile; fileRef = 4E333D672629D5E400640821 /* StringExtensions.swift */; };
		4E33E9222CAEDCDD004BD82C /* GenerateDiagrams.swift in Sources */ = {isa = PBXBuildFile; fileRef = 4E33E9212CAEDCDD004BD82C /* GenerateDiagrams.swift */; };
		4E34DF7D2C0354E400B2881E /* GrammarNode.swift in Sources */ = {isa = PBXBuildFile; fileRef = 4EE422A22BFB319500D99368 /* GrammarNode.swift */; };
		4E4213862D19CA1200CE6493 /* MessageParser.swift in Sources */ = {isa = PBXBuildFile; fileRef = 4E4213852D19CA1200CE6493 /* MessageParser.swift */; };
		4E42138A2D19E31200CE6493 /* GrammarParser.swift in Sources */ = {isa = PBXBuildFile; fileRef = 4E4213892D19E31200CE6493 /* GrammarParser.swift */; };
		4E42138C2D1B61AD00CE6493 /* NoGlobals.swift in Sources */ = {isa = PBXBuildFile; fileRef = 4E42138B2D1B61AD00CE6493 /* NoGlobals.swift */; };
		4E42138E2D1C572D00CE6493 /* OutputTools.swift in Sources */ = {isa = PBXBuildFile; fileRef = 4E42138D2D1C572D00CE6493 /* OutputTools.swift */; };
		4E4213902D1DC15000CE6493 /* GenerateParser.swift in Sources */ = {isa = PBXBuildFile; fileRef = 4E42138F2D1DC15000CE6493 /* GenerateParser.swift */; };
		4E4213922D1DC35400CE6493 /* GraphStructuredStack.swift in Sources */ = {isa = PBXBuildFile; fileRef = 4E4213912D1DC35400CE6493 /* GraphStructuredStack.swift */; };
		4E7709C42F3787E100972246 /* GrammarNode.swift in Sources */ = {isa = PBXBuildFile; fileRef = 4EE422A22BFB319500D99368 /* GrammarNode.swift */; };
		4E7709C52F3787FF00972246 /* Scanner.swift in Sources */ = {isa = PBXBuildFile; fileRef = 4EB4DE432B91D2FB00BA9A88 /* Scanner.swift */; };
		4E7709C82F37883300972246 /* main.swift in Sources */ = {isa = PBXBuildFile; fileRef = 4E333D632629D5E400640821 /* main.swift */; };
		4E7709CA2F37883300972246 /* CallReturnForest.swift in Sources */ = {isa = PBXBuildFile; fileRef = 4E11B2A72DC0C25D00555BB8 /* CallReturnForest.swift */; };
		4E7709CB2F37883300972246 /* NoGlobals.swift in Sources */ = {isa = PBXBuildFile; fileRef = 4E42138B2D1B61AD00CE6493 /* NoGlobals.swift */; };
		4E7709CC2F37883300972246 /* ClusteredNonterminalParser.swift in Sources */ = {isa = PBXBuildFile; fileRef = 4E11B2AB2DC121A300555BB8 /* ClusteredNonterminalParser.swift */; };
		4E7709CD2F37883300972246 /* GrammarParser.swift in Sources */ = {isa = PBXBuildFile; fileRef = 4E4213892D19E31200CE6493 /* GrammarParser.swift */; };
		4E7709CE2F37883300972246 /* GenerateDiagrams.swift in Sources */ = {isa = PBXBuildFile; fileRef = 4E33E9212CAEDCDD004BD82C /* GenerateDiagrams.swift */; };
		4E7709CF2F37883300972246 /* OutputTools.swift in Sources */ = {isa = PBXBuildFile; fileRef = 4E42138D2D1C572D00CE6493 /* OutputTools.swift */; };
		4E7709D12F37883300972246 /* Descriptor.swift in Sources */ = {isa = PBXBuildFile; fileRef = 4E11B2A92DC10F0600555BB8 /* Descriptor.swift */; };
		4E7709D22F37883300972246 /* MessageParser.swift in Sources */ = {isa = PBXBuildFile; fileRef = 4E4213852D19CA1200CE6493 /* MessageParser.swift */; };
		4E7709D32F37883300972246 /* StringExtensions.swift in Sources */ = {isa = PBXBuildFile; fileRef = 4E333D672629D5E400640821 /* StringExtensions.swift */; };
		4E7709D42F37883300972246 /* BinarySubtreeRepresentation.swift in Sources */ = {isa = PBXBuildFile; fileRef = 4E11B2A52DBE0DF800555BB8 /* BinarySubtreeRepresentation.swift */; };
		4E7709D52F37883300972246 /* GraphStructuredStack.swift in Sources */ = {isa = PBXBuildFile; fileRef = 4E4213912D1DC35400CE6493 /* GraphStructuredStack.swift */; };
		4E7709D72F37883300972246 /* GenerateParser.swift in Sources */ = {isa = PBXBuildFile; fileRef = 4E42138F2D1DC15000CE6493 /* GenerateParser.swift */; };
		4E94E9952C29167400746EB7 /* SymbolTable.swift in Sources */ = {isa = PBXBuildFile; fileRef = 4E94E9942C2913F600746EB7 /* SymbolTable.swift */; };
		4EC5CE952BBC46900045F751 /* Scanner.swift in Sources */ = {isa = PBXBuildFile; fileRef = 4EB4DE432B91D2FB00BA9A88 /* Scanner.swift */; };
/* End PBXBuildFile section */

/* Begin PBXCopyFilesBuildPhase section */
		CB6B7313257EA9F400B929C6 /* CopyFiles */ = {
			isa = PBXCopyFilesBuildPhase;
			buildActionMask = 2147483647;
			dstPath = /usr/share/man/man1;
			dstSubfolderSpec = 0;
			files = (
			);
			runOnlyForDeploymentPostprocessing = 1;
		};
/* End PBXCopyFilesBuildPhase section */

/* Begin PBXFileReference section */
		4E11B2A42DA274B200555BB8 /* scratch.txt */ = {isa = PBXFileReference; lastKnownFileType = text; path = scratch.txt; sourceTree = "<group>"; };
		4E11B2A52DBE0DF800555BB8 /* BinarySubtreeRepresentation.swift */ = {isa = PBXFileReference; lastKnownFileType = sourcecode.swift; path = BinarySubtreeRepresentation.swift; sourceTree = "<group>"; };
		4E11B2A72DC0C25D00555BB8 /* CallReturnForest.swift */ = {isa = PBXFileReference; lastKnownFileType = sourcecode.swift; path = CallReturnForest.swift; sourceTree = "<group>"; };
		4E11B2A92DC10F0600555BB8 /* Descriptor.swift */ = {isa = PBXFileReference; lastKnownFileType = sourcecode.swift; path = Descriptor.swift; sourceTree = "<group>"; };
		4E11B2AB2DC121A300555BB8 /* ClusteredNonterminalParser.swift */ = {isa = PBXFileReference; lastKnownFileType = sourcecode.swift; path = ClusteredNonterminalParser.swift; sourceTree = "<group>"; };
		4E2CAD3B2D9AB26D00C5F85F /* AfroozehHunt.apus */ = {isa = PBXFileReference; lastKnownFileType = text; path = AfroozehHunt.apus; sourceTree = "<group>"; };
		4E333D622629D5E400640821 /* apusWithAction.apus */ = {isa = PBXFileReference; lastKnownFileType = text; path = apusWithAction.apus; sourceTree = "<group>"; };
		4E333D632629D5E400640821 /* main.swift */ = {isa = PBXFileReference; lastKnownFileType = sourcecode.swift; path = main.swift; sourceTree = "<group>"; };
		4E333D642629D5E400640821 /* output.swift */ = {isa = PBXFileReference; lastKnownFileType = sourcecode.swift; path = output.swift; sourceTree = "<group>"; };
		4E333D672629D5E400640821 /* StringExtensions.swift */ = {isa = PBXFileReference; lastKnownFileType = sourcecode.swift; path = StringExtensions.swift; sourceTree = "<group>"; };
		4E333D692629D5E500640821 /* TortureSyntax.apus */ = {isa = PBXFileReference; lastKnownFileType = text; path = TortureSyntax.apus; sourceTree = "<group>"; };
		4E333D6A2629D5E500640821 /* test.apus */ = {isa = PBXFileReference; lastKnownFileType = text; path = test.apus; sourceTree = "<group>"; };
		4E33E9212CAEDCDD004BD82C /* GenerateDiagrams.swift */ = {isa = PBXFileReference; lastKnownFileType = sourcecode.swift; path = GenerateDiagrams.swift; sourceTree = "<group>"; };
		4E34DF7E2C08042C00B2881E /* apus.apus */ = {isa = PBXFileReference; fileEncoding = 4; lastKnownFileType = text; path = apus.apus; sourceTree = "<group>"; };
		4E34DF802C08A71000B2881E /* ART.svg */ = {isa = PBXFileReference; fileEncoding = 4; lastKnownFileType = text.xml; path = ART.svg; sourceTree = "<group>"; };
		4E4213852D19CA1200CE6493 /* MessageParser.swift */ = {isa = PBXFileReference; lastKnownFileType = sourcecode.swift; path = MessageParser.swift; sourceTree = "<group>"; };
		4E4213892D19E31200CE6493 /* GrammarParser.swift */ = {isa = PBXFileReference; lastKnownFileType = sourcecode.swift; path = GrammarParser.swift; sourceTree = "<group>"; };
		4E42138B2D1B61AD00CE6493 /* NoGlobals.swift */ = {isa = PBXFileReference; lastKnownFileType = sourcecode.swift; path = NoGlobals.swift; sourceTree = "<group>"; };
		4E42138D2D1C572D00CE6493 /* OutputTools.swift */ = {isa = PBXFileReference; lastKnownFileType = sourcecode.swift; path = OutputTools.swift; sourceTree = "<group>"; };
		4E42138F2D1DC15000CE6493 /* GenerateParser.swift */ = {isa = PBXFileReference; lastKnownFileType = sourcecode.swift; path = GenerateParser.swift; sourceTree = "<group>"; };
		4E4213912D1DC35400CE6493 /* GraphStructuredStack.swift */ = {isa = PBXFileReference; lastKnownFileType = sourcecode.swift; path = GraphStructuredStack.swift; sourceTree = "<group>"; };
		4E450E682BE8007F0077E275 /* playground.swift */ = {isa = PBXFileReference; lastKnownFileType = sourcecode.swift; path = playground.swift; sourceTree = "<group>"; };
		4E7709B32F37870300972246 /* AdventTests.xctest */ = {isa = PBXFileReference; explicitFileType = wrapper.cfbundle; includeInIndex = 0; path = AdventTests.xctest; sourceTree = BUILT_PRODUCTS_DIR; };
		4E7709DA2F38C76800972246 /* GrammarParser.swift */ = {isa = PBXFileReference; lastKnownFileType = sourcecode.swift; path = GrammarParser.swift; sourceTree = "<group>"; };
		4E87B7E72BA8745E009CBFB8 /* apusAmbiguous.apus */ = {isa = PBXFileReference; lastKnownFileType = text; path = apusAmbiguous.apus; sourceTree = "<group>"; };
		4E89AAED2D6DF2EE006A0BBA /* ART.gv */ = {isa = PBXFileReference; lastKnownFileType = text; path = ART.gv; sourceTree = "<group>"; };
		4E89AAEE2D6DF2EE006A0BBA /* postRunActions.log */ = {isa = PBXFileReference; lastKnownFileType = text; path = postRunActions.log; sourceTree = "<group>"; };
		4E89AAF32D7667C3006A0BBA /* tortureART.apus */ = {isa = PBXFileReference; lastKnownFileType = text; path = tortureART.apus; sourceTree = "<group>"; };
		4E94E9942C2913F600746EB7 /* SymbolTable.swift */ = {isa = PBXFileReference; lastKnownFileType = sourcecode.swift; path = SymbolTable.swift; sourceTree = "<group>"; };
		4E951C132D8874BD008B1012 /* Swift.apus */ = {isa = PBXFileReference; lastKnownFileType = text; path = Swift.apus; sourceTree = "<group>"; };
		4EB4DE432B91D2FB00BA9A88 /* Scanner.swift */ = {isa = PBXFileReference; lastKnownFileType = sourcecode.swift; path = Scanner.swift; sourceTree = "<group>"; };
		4EBBDFF52B935BB90049A17F /* diagram.svg */ = {isa = PBXFileReference; lastKnownFileType = text.xml; path = diagram.svg; sourceTree = "<group>"; };
		4EC5CE942BBC111E0045F751 /* apusUnicode.apus */ = {isa = PBXFileReference; fileEncoding = 4; lastKnownFileType = text; path = apusUnicode.apus; sourceTree = "<group>"; };
		4ECF5BE62F3748DB008E692B /* claude.md */ = {isa = PBXFileReference; lastKnownFileType = net.daringfireball.markdown; path = claude.md; sourceTree = "<group>"; };
		4EE422A22BFB319500D99368 /* GrammarNode.swift */ = {isa = PBXFileReference; lastKnownFileType = sourcecode.swift; path = GrammarNode.swift; sourceTree = "<group>"; };
		CB6B7315257EA9F400B929C6 /* Advent */ = {isa = PBXFileReference; explicitFileType = "compiled.mach-o.executable"; includeInIndex = 0; path = Advent; sourceTree = BUILT_PRODUCTS_DIR; };
/* End PBXFileReference section */

/* Begin PBXFileSystemSynchronizedBuildFileExceptionSet section */
		4E7709BE2F37877300972246 /* PBXFileSystemSynchronizedBuildFileExceptionSet */ = {
			isa = PBXFileSystemSynchronizedBuildFileExceptionSet;
			membershipExceptions = (
				TestsARCHITECTURE.md,
				TestsINDEX.md,
				TestsQUICKREF.md,
				TestsREADME.md,
				TestsRunTortureTest.swift,
				TestsSETUP.md,
				TestsSUMMARY.md,
				TestsTortureTestExpectations.md,
				TestsVerifyTestSetup.swift,
			);
			target = 4E7709B22F37870300972246 /* AdventTests */;
		};
/* End PBXFileSystemSynchronizedBuildFileExceptionSet section */

/* Begin PBXFileSystemSynchronizedRootGroup section */
		4E7709B42F37870300972246 /* AdventTests */ = {isa = PBXFileSystemSynchronizedRootGroup; exceptions = (4E7709BE2F37877300972246 /* PBXFileSystemSynchronizedBuildFileExceptionSet */, ); explicitFileTypes = {}; explicitFolders = (); path = AdventTests; sourceTree = "<group>"; };
/* End PBXFileSystemSynchronizedRootGroup section */

/* Begin PBXFrameworksBuildPhase section */
		4E7709B02F37870300972246 /* Frameworks */ = {
			isa = PBXFrameworksBuildPhase;
			buildActionMask = 2147483647;
			files = (
			);
			runOnlyForDeploymentPostprocessing = 0;
		};
		CB6B7312257EA9F400B929C6 /* Frameworks */ = {
			isa = PBXFrameworksBuildPhase;
			buildActionMask = 2147483647;
			files = (
				4E11B2AF2DC38D8E00555BB8 /* OrderedCollections in Frameworks */,
			);
			runOnlyForDeploymentPostprocessing = 0;
		};
/* End PBXFrameworksBuildPhase section */

/* Begin PBXGroup section */
		CB6B730C257EA9F400B929C6 = {
			isa = PBXGroup;
			children = (
				4E2CAD3B2D9AB26D00C5F85F /* AfroozehHunt.apus */,
				4E333D622629D5E400640821 /* apusWithAction.apus */,
				4E87B7E72BA8745E009CBFB8 /* apusAmbiguous.apus */,
				4E34DF7E2C08042C00B2881E /* apus.apus */,
				4EC5CE942BBC111E0045F751 /* apusUnicode.apus */,
				4E951C132D8874BD008B1012 /* Swift.apus */,
				4E333D6A2629D5E500640821 /* test.apus */,
				4E89AAF32D7667C3006A0BBA /* tortureART.apus */,
				4E333D692629D5E500640821 /* TortureSyntax.apus */,
				4E89AAED2D6DF2EE006A0BBA /* ART.gv */,
				4E89AAEE2D6DF2EE006A0BBA /* postRunActions.log */,
				4E34DF802C08A71000B2881E /* ART.svg */,
				4EBBDFF52B935BB90049A17F /* diagram.svg */,
				4E11B2A52DBE0DF800555BB8 /* BinarySubtreeRepresentation.swift */,
				4E11B2A72DC0C25D00555BB8 /* CallReturnForest.swift */,
				4E11B2AB2DC121A300555BB8 /* ClusteredNonterminalParser.swift */,
				4E11B2A92DC10F0600555BB8 /* Descriptor.swift */,
				4E33E9212CAEDCDD004BD82C /* GenerateDiagrams.swift */,
				4E42138F2D1DC15000CE6493 /* GenerateParser.swift */,
				4EE422A22BFB319500D99368 /* GrammarNode.swift */,
				4E4213892D19E31200CE6493 /* GrammarParser.swift */,
				4E7709DA2F38C76800972246 /* GrammarParser.swift */,
				4E4213912D1DC35400CE6493 /* GraphStructuredStack.swift */,
				4E333D632629D5E400640821 /* main.swift */,
				4E4213852D19CA1200CE6493 /* MessageParser.swift */,
				4E42138B2D1B61AD00CE6493 /* NoGlobals.swift */,
				4E333D642629D5E400640821 /* output.swift */,
				4E42138D2D1C572D00CE6493 /* OutputTools.swift */,
				4E450E682BE8007F0077E275 /* playground.swift */,
				4EB4DE432B91D2FB00BA9A88 /* Scanner.swift */,
				4E333D672629D5E400640821 /* StringExtensions.swift */,
				4E94E9942C2913F600746EB7 /* SymbolTable.swift */,
				4E11B2A42DA274B200555BB8 /* scratch.txt */,
				4E7709B42F37870300972246 /* AdventTests */,
				CB6B7316257EA9F400B929C6 /* Products */,
				4ECF5BE62F3748DB008E692B /* claude.md */,
			);
			sourceTree = "<group>";
		};
		CB6B7316257EA9F400B929C6 /* Products */ = {
			isa = PBXGroup;
			children = (
				CB6B7315257EA9F400B929C6 /* Advent */,
				4E7709B32F37870300972246 /* AdventTests.xctest */,
			);
			name = Products;
			sourceTree = "<group>";
		};
/* End PBXGroup section */

/* Begin PBXNativeTarget section */
		4E7709B22F37870300972246 /* AdventTests */ = {
			isa = PBXNativeTarget;
			buildConfigurationList = 4E7709B72F37870300972246 /* Build configuration list for PBXNativeTarget "AdventTests" */;
			buildPhases = (
				4E7709AF2F37870300972246 /* Sources */,
				4E7709B02F37870300972246 /* Frameworks */,
				4E7709B12F37870300972246 /* Resources */,
			);
			buildRules = (
			);
			dependencies = (
			);
			fileSystemSynchronizedGroups = (
				4E7709B42F37870300972246 /* AdventTests */,
			);
			name = AdventTests;
			packageProductDependencies = (
			);
			productName = AdventTests;
			productReference = 4E7709B32F37870300972246 /* AdventTests.xctest */;
			productType = "com.apple.product-type.bundle.unit-test";
		};
		CB6B7314257EA9F400B929C6 /* Advent */ = {
			isa = PBXNativeTarget;
			buildConfigurationList = CB6B731C257EA9F400B929C6 /* Build configuration list for PBXNativeTarget "Advent" */;
			buildPhases = (
				CB6B7311257EA9F400B929C6 /* Sources */,
				CB6B7312257EA9F400B929C6 /* Frameworks */,
				CB6B7313257EA9F400B929C6 /* CopyFiles */,
			);
			buildRules = (
			);
			dependencies = (
			);
			name = Advent;
			packageProductDependencies = (
				4E11B2AE2DC38D8E00555BB8 /* OrderedCollections */,
			);
			productName = Advent;
			productReference = CB6B7315257EA9F400B929C6 /* Advent */;
			productType = "com.apple.product-type.tool";
		};
/* End PBXNativeTarget section */

/* Begin PBXProject section */
		CB6B730D257EA9F400B929C6 /* Project object */ = {
			isa = PBXProject;
			attributes = {
				BuildIndependentTargetsInParallel = YES;
				LastSwiftUpdateCheck = 2620;
				LastUpgradeCheck = 2620;
				TargetAttributes = {
					4E7709B22F37870300972246 = {
						CreatedOnToolsVersion = 26.2;
					};
					CB6B7314257EA9F400B929C6 = {
						CreatedOnToolsVersion = 12.2;
					};
				};
			};
			buildConfigurationList = CB6B7310257EA9F400B929C6 /* Build configuration list for PBXProject "Advent" */;
			compatibilityVersion = "Xcode 9.3";
			developmentRegion = en;
			hasScannedForEncodings = 0;
			knownRegions = (
				en,
				Base,
			);
			mainGroup = CB6B730C257EA9F400B929C6;
			packageReferences = (
				4E11B2AD2DC38D8E00555BB8 /* XCRemoteSwiftPackageReference "swift-collections" */,
			);
			productRefGroup = CB6B7316257EA9F400B929C6 /* Products */;
			projectDirPath = "";
			projectRoot = "";
			targets = (
				CB6B7314257EA9F400B929C6 /* Advent */,
				4E7709B22F37870300972246 /* AdventTests */,
			);
		};
/* End PBXProject section */

/* Begin PBXResourcesBuildPhase section */
		4E7709B12F37870300972246 /* Resources */ = {
			isa = PBXResourcesBuildPhase;
			buildActionMask = 2147483647;
			files = (
			);
			runOnlyForDeploymentPostprocessing = 0;
		};
/* End PBXResourcesBuildPhase section */

/* Begin PBXSourcesBuildPhase section */
		4E7709AF2F37870300972246 /* Sources */ = {
			isa = PBXSourcesBuildPhase;
			buildActionMask = 2147483647;
			files = (
				4E7709C42F3787E100972246 /* GrammarNode.swift in Sources */,
				4E7709C82F37883300972246 /* main.swift in Sources */,
				4E7709CA2F37883300972246 /* CallReturnForest.swift in Sources */,
				4E7709CB2F37883300972246 /* NoGlobals.swift in Sources */,
				4E7709CC2F37883300972246 /* ClusteredNonterminalParser.swift in Sources */,
				4E7709CD2F37883300972246 /* GrammarParser.swift in Sources */,
				4E7709CE2F37883300972246 /* GenerateDiagrams.swift in Sources */,
				4E7709CF2F37883300972246 /* OutputTools.swift in Sources */,
				4E7709D12F37883300972246 /* Descriptor.swift in Sources */,
				4E7709D22F37883300972246 /* MessageParser.swift in Sources */,
				4E7709D32F37883300972246 /* StringExtensions.swift in Sources */,
				4E7709D42F37883300972246 /* BinarySubtreeRepresentation.swift in Sources */,
				4E7709D52F37883300972246 /* GraphStructuredStack.swift in Sources */,
				4E7709D72F37883300972246 /* GenerateParser.swift in Sources */,
				4E7709C52F3787FF00972246 /* Scanner.swift in Sources */,
			);
			runOnlyForDeploymentPostprocessing = 0;
		};
		CB6B7311257EA9F400B929C6 /* Sources */ = {
			isa = PBXSourcesBuildPhase;
			buildActionMask = 2147483647;
			files = (
				4E34DF7D2C0354E400B2881E /* GrammarNode.swift in Sources */,
				4E42138C2D1B61AD00CE6493 /* NoGlobals.swift in Sources */,
				4E11B2AA2DC10F0600555BB8 /* Descriptor.swift in Sources */,
				4E11B2A62DBE0DF800555BB8 /* BinarySubtreeRepresentation.swift in Sources */,
				4E11B2AC2DC121A300555BB8 /* ClusteredNonterminalParser.swift in Sources */,
				4E94E9952C29167400746EB7 /* SymbolTable.swift in Sources */,
				4E333D752629D60A00640821 /* StringExtensions.swift in Sources */,
				4E42138E2D1C572D00CE6493 /* OutputTools.swift in Sources */,
				4E33E9222CAEDCDD004BD82C /* GenerateDiagrams.swift in Sources */,
				4E4213862D19CA1200CE6493 /* MessageParser.swift in Sources */,
				4E4213902D1DC15000CE6493 /* GenerateParser.swift in Sources */,
				4E333D712629D60000640821 /* main.swift in Sources */,
				4EC5CE952BBC46900045F751 /* Scanner.swift in Sources */,
				4E4213922D1DC35400CE6493 /* GraphStructuredStack.swift in Sources */,
				4E11B2A82DC0C25D00555BB8 /* CallReturnForest.swift in Sources */,
				4E42138A2D19E31200CE6493 /* GrammarParser.swift in Sources */,
			);
			runOnlyForDeploymentPostprocessing = 0;
		};
/* End PBXSourcesBuildPhase section */

/* Begin XCBuildConfiguration section */
		4E7709B82F37870300972246 /* Debug */ = {
			isa = XCBuildConfiguration;
			buildSettings = {
				CLANG_CXX_LANGUAGE_STANDARD = "gnu++20";
				CODE_SIGN_STYLE = Automatic;
				CURRENT_PROJECT_VERSION = 1;
				DEVELOPMENT_TEAM = 3A743G3S42;
				GCC_C_LANGUAGE_STANDARD = gnu17;
				GENERATE_INFOPLIST_FILE = YES;
				LOCALIZATION_PREFERS_STRING_CATALOGS = YES;
				MACOSX_DEPLOYMENT_TARGET = 26.2;
				MARKETING_VERSION = 1.0;
				PRODUCT_BUNDLE_IDENTIFIER = Magenta.AdventTests;
				PRODUCT_NAME = "$(TARGET_NAME)";
				STRING_CATALOG_GENERATE_SYMBOLS = NO;
				SWIFT_ACTIVE_COMPILATION_CONDITIONS = "DEBUG $(inherited)";
				SWIFT_APPROACHABLE_CONCURRENCY = YES;
				SWIFT_EMIT_LOC_STRINGS = NO;
				SWIFT_UPCOMING_FEATURE_MEMBER_IMPORT_VISIBILITY = YES;
				SWIFT_VERSION = 5.0;
			};
			name = Debug;
		};
		4E7709B92F37870300972246 /* Release */ = {
			isa = XCBuildConfiguration;
			buildSettings = {
				CLANG_CXX_LANGUAGE_STANDARD = "gnu++20";
				CODE_SIGN_STYLE = Automatic;
				CURRENT_PROJECT_VERSION = 1;
				DEVELOPMENT_TEAM = 3A743G3S42;
				GCC_C_LANGUAGE_STANDARD = gnu17;
				GENERATE_INFOPLIST_FILE = YES;
				LOCALIZATION_PREFERS_STRING_CATALOGS = YES;
				MACOSX_DEPLOYMENT_TARGET = 26.2;
				MARKETING_VERSION = 1.0;
				PRODUCT_BUNDLE_IDENTIFIER = Magenta.AdventTests;
				PRODUCT_NAME = "$(TARGET_NAME)";
				STRING_CATALOG_GENERATE_SYMBOLS = NO;
				SWIFT_APPROACHABLE_CONCURRENCY = YES;
				SWIFT_EMIT_LOC_STRINGS = NO;
				SWIFT_UPCOMING_FEATURE_MEMBER_IMPORT_VISIBILITY = YES;
				SWIFT_VERSION = 5.0;
			};
			name = Release;
		};
		CB6B731A257EA9F400B929C6 /* Debug */ = {
			isa = XCBuildConfiguration;
			buildSettings = {
				ALWAYS_SEARCH_USER_PATHS = NO;
				ASSETCATALOG_COMPILER_GENERATE_SWIFT_ASSET_SYMBOL_EXTENSIONS = YES;
				CLANG_ANALYZER_NONNULL = YES;
				CLANG_ANALYZER_NUMBER_OBJECT_CONVERSION = YES_AGGRESSIVE;
				CLANG_CXX_LANGUAGE_STANDARD = "gnu++14";
				CLANG_CXX_LIBRARY = "libc++";
				CLANG_ENABLE_MODULES = YES;
				CLANG_ENABLE_OBJC_ARC = YES;
				CLANG_ENABLE_OBJC_WEAK = YES;
				CLANG_WARN_BLOCK_CAPTURE_AUTORELEASING = YES;
				CLANG_WARN_BOOL_CONVERSION = YES;
				CLANG_WARN_COMMA = YES;
				CLANG_WARN_CONSTANT_CONVERSION = YES;
				CLANG_WARN_DEPRECATED_OBJC_IMPLEMENTATIONS = YES;
				CLANG_WARN_DIRECT_OBJC_ISA_USAGE = YES_ERROR;
				CLANG_WARN_DOCUMENTATION_COMMENTS = YES;
				CLANG_WARN_EMPTY_BODY = YES;
				CLANG_WARN_ENUM_CONVERSION = YES;
				CLANG_WARN_INFINITE_RECURSION = YES;
				CLANG_WARN_INT_CONVERSION = YES;
				CLANG_WARN_NON_LITERAL_NULL_CONVERSION = YES;
				CLANG_WARN_OBJC_IMPLICIT_RETAIN_SELF = YES;
				CLANG_WARN_OBJC_LITERAL_CONVERSION = YES;
				CLANG_WARN_OBJC_ROOT_CLASS = YES_ERROR;
				CLANG_WARN_QUOTED_INCLUDE_IN_FRAMEWORK_HEADER = YES;
				CLANG_WARN_RANGE_LOOP_ANALYSIS = YES;
				CLANG_WARN_STRICT_PROTOTYPES = YES;
				CLANG_WARN_SUSPICIOUS_MOVE = YES;
				CLANG_WARN_UNGUARDED_AVAILABILITY = YES_AGGRESSIVE;
				CLANG_WARN_UNREACHABLE_CODE = YES;
				CLANG_WARN__DUPLICATE_METHOD_MATCH = YES;
				COPY_PHASE_STRIP = NO;
				DEAD_CODE_STRIPPING = YES;
				DEBUG_INFORMATION_FORMAT = dwarf;
				DEVELOPMENT_TEAM = 3A743G3S42;
				ENABLE_STRICT_OBJC_MSGSEND = YES;
				ENABLE_TESTABILITY = YES;
				ENABLE_USER_SCRIPT_SANDBOXING = YES;
				GCC_C_LANGUAGE_STANDARD = gnu11;
				GCC_DYNAMIC_NO_PIC = NO;
				GCC_NO_COMMON_BLOCKS = YES;
				GCC_OPTIMIZATION_LEVEL = 0;
				GCC_PREPROCESSOR_DEFINITIONS = (
					"DEBUG=1",
					"$(inherited)",
				);
				GCC_WARN_64_TO_32_BIT_CONVERSION = YES;
				GCC_WARN_ABOUT_RETURN_TYPE = YES_ERROR;
				GCC_WARN_UNDECLARED_SELECTOR = YES;
				GCC_WARN_UNINITIALIZED_AUTOS = YES_AGGRESSIVE;
				GCC_WARN_UNUSED_FUNCTION = YES;
				GCC_WARN_UNUSED_VARIABLE = YES;
				MACOSX_DEPLOYMENT_TARGET = 14.0;
				MTL_ENABLE_DEBUG_INFO = INCLUDE_SOURCE;
				MTL_FAST_MATH = YES;
				ONLY_ACTIVE_ARCH = YES;
				SDKROOT = macosx;
				STRING_CATALOG_GENERATE_SYMBOLS = YES;
				SWIFT_ACTIVE_COMPILATION_CONDITIONS = DEBUG;
				SWIFT_OPTIMIZATION_LEVEL = "-Onone";
			};
			name = Debug;
		};
		CB6B731B257EA9F400B929C6 /* Release */ = {
			isa = XCBuildConfiguration;
			buildSettings = {
				ALWAYS_SEARCH_USER_PATHS = NO;
				ASSETCATALOG_COMPILER_GENERATE_SWIFT_ASSET_SYMBOL_EXTENSIONS = YES;
				CLANG_ANALYZER_NONNULL = YES;
				CLANG_ANALYZER_NUMBER_OBJECT_CONVERSION = YES_AGGRESSIVE;
				CLANG_CXX_LANGUAGE_STANDARD = "gnu++14";
				CLANG_CXX_LIBRARY = "libc++";
				CLANG_ENABLE_MODULES = YES;
				CLANG_ENABLE_OBJC_ARC = YES;
				CLANG_ENABLE_OBJC_WEAK = YES;
				CLANG_WARN_BLOCK_CAPTURE_AUTORELEASING = YES;
				CLANG_WARN_BOOL_CONVERSION = YES;
				CLANG_WARN_COMMA = YES;
				CLANG_WARN_CONSTANT_CONVERSION = YES;
				CLANG_WARN_DEPRECATED_OBJC_IMPLEMENTATIONS = YES;
				CLANG_WARN_DIRECT_OBJC_ISA_USAGE = YES_ERROR;
				CLANG_WARN_DOCUMENTATION_COMMENTS = YES;
				CLANG_WARN_EMPTY_BODY = YES;
				CLANG_WARN_ENUM_CONVERSION = YES;
				CLANG_WARN_INFINITE_RECURSION = YES;
				CLANG_WARN_INT_CONVERSION = YES;
				CLANG_WARN_NON_LITERAL_NULL_CONVERSION = YES;
				CLANG_WARN_OBJC_IMPLICIT_RETAIN_SELF = YES;
				CLANG_WARN_OBJC_LITERAL_CONVERSION = YES;
				CLANG_WARN_OBJC_ROOT_CLASS = YES_ERROR;
				CLANG_WARN_QUOTED_INCLUDE_IN_FRAMEWORK_HEADER = YES;
				CLANG_WARN_RANGE_LOOP_ANALYSIS = YES;
				CLANG_WARN_STRICT_PROTOTYPES = YES;
				CLANG_WARN_SUSPICIOUS_MOVE = YES;
				CLANG_WARN_UNGUARDED_AVAILABILITY = YES_AGGRESSIVE;
				CLANG_WARN_UNREACHABLE_CODE = YES;
				CLANG_WARN__DUPLICATE_METHOD_MATCH = YES;
				COPY_PHASE_STRIP = NO;
				DEAD_CODE_STRIPPING = YES;
				DEBUG_INFORMATION_FORMAT = "dwarf-with-dsym";
				DEVELOPMENT_TEAM = 3A743G3S42;
				ENABLE_NS_ASSERTIONS = NO;
				ENABLE_STRICT_OBJC_MSGSEND = YES;
				ENABLE_USER_SCRIPT_SANDBOXING = YES;
				GCC_C_LANGUAGE_STANDARD = gnu11;
				GCC_NO_COMMON_BLOCKS = YES;
				GCC_WARN_64_TO_32_BIT_CONVERSION = YES;
				GCC_WARN_ABOUT_RETURN_TYPE = YES_ERROR;
				GCC_WARN_UNDECLARED_SELECTOR = YES;
				GCC_WARN_UNINITIALIZED_AUTOS = YES_AGGRESSIVE;
				GCC_WARN_UNUSED_FUNCTION = YES;
				GCC_WARN_UNUSED_VARIABLE = YES;
				MACOSX_DEPLOYMENT_TARGET = 14.0;
				MTL_ENABLE_DEBUG_INFO = NO;
				MTL_FAST_MATH = YES;
				SDKROOT = macosx;
				STRING_CATALOG_GENERATE_SYMBOLS = YES;
				SWIFT_COMPILATION_MODE = wholemodule;
				SWIFT_OPTIMIZATION_LEVEL = "-O";
			};
			name = Release;
		};
		CB6B731D257EA9F400B929C6 /* Debug */ = {
			isa = XCBuildConfiguration;
			buildSettings = {
				CODE_SIGN_IDENTITY = "-";
				CODE_SIGN_STYLE = Automatic;
				DEAD_CODE_STRIPPING = YES;
				ENABLE_HARDENED_RUNTIME = YES;
				ENABLE_USER_SCRIPT_SANDBOXING = NO;
				PRODUCT_NAME = "$(TARGET_NAME)";
				SWIFT_VERSION = 5.0;
				bl = "";
			};
			name = Debug;
		};
		CB6B731E257EA9F400B929C6 /* Release */ = {
			isa = XCBuildConfiguration;
			buildSettings = {
				CODE_SIGN_IDENTITY = "-";
				CODE_SIGN_STYLE = Automatic;
				DEAD_CODE_STRIPPING = YES;
				ENABLE_HARDENED_RUNTIME = YES;
				ENABLE_USER_SCRIPT_SANDBOXING = NO;
				PRODUCT_NAME = "$(TARGET_NAME)";
				SWIFT_VERSION = 5.0;
				bl = "";
			};
			name = Release;
		};
/* End XCBuildConfiguration section */

/* Begin XCConfigurationList section */
		4E7709B72F37870300972246 /* Build configuration list for PBXNativeTarget "AdventTests" */ = {
			isa = XCConfigurationList;
			buildConfigurations = (
				4E7709B82F37870300972246 /* Debug */,
				4E7709B92F37870300972246 /* Release */,
			);
			defaultConfigurationIsVisible = 0;
			defaultConfigurationName = Release;
		};
		CB6B7310257EA9F400B929C6 /* Build configuration list for PBXProject "Advent" */ = {
			isa = XCConfigurationList;
			buildConfigurations = (
				CB6B731A257EA9F400B929C6 /* Debug */,
				CB6B731B257EA9F400B929C6 /* Release */,
			);
			defaultConfigurationIsVisible = 0;
			defaultConfigurationName = Release;
		};
		CB6B731C257EA9F400B929C6 /* Build configuration list for PBXNativeTarget "Advent" */ = {
			isa = XCConfigurationList;
			buildConfigurations = (
				CB6B731D257EA9F400B929C6 /* Debug */,
				CB6B731E257EA9F400B929C6 /* Release */,
			);
			defaultConfigurationIsVisible = 0;
			defaultConfigurationName = Release;
		};
/* End XCConfigurationList section */

/* Begin XCRemoteSwiftPackageReference section */
		4E11B2AD2DC38D8E00555BB8 /* XCRemoteSwiftPackageReference "swift-collections" */ = {
			isa = XCRemoteSwiftPackageReference;
			repositoryURL = "https://github.com/apple/swift-collections.git";
			requirement = {
				kind = upToNextMajorVersion;
				minimumVersion = 1.1.4;
			};
		};
/* End XCRemoteSwiftPackageReference section */

/* Begin XCSwiftPackageProductDependency section */
		4E11B2AE2DC38D8E00555BB8 /* OrderedCollections */ = {
			isa = XCSwiftPackageProductDependency;
			package = 4E11B2AD2DC38D8E00555BB8 /* XCRemoteSwiftPackageReference "swift-collections" */;
			productName = OrderedCollections;
		};
/* End XCSwiftPackageProductDependency section */
	};
	rootObject = CB6B730D257EA9F400B929C6 /* Project object */;
}
